
Microsoft Visual Studio Solution File, Format Version 12.00
# Visual Studio 15
VisualStudioVersion = 15.0.28307.757
MinimumVisualStudioVersion = 10.0.40219.1
Project("{9A19103F-16F7-4668-BE54-9A1E7A4F7556}") = "PangHu.Extensions", "src\PangHu.Extensions\PangHu.Extensions.csproj", "{83C3EB1C-9E3A-4A6F-B038-9DFE3648812D}"
EndProject
Project("{FAE04EC0-301F-11D3-BF4B-00C04F79EFBC}") = "PangHu.Extensions.Test", "src\PangHu.Extensions.Test\PangHu.Extensions.Test.csproj", "{FC96B0EB-E49C-41E7-92D3-5CD8E93C5BE0}"
EndProject
Global
	GlobalSection(SolutionConfigurationPlatforms) = preSolution
		Debug|Any CPU = Debug|Any CPU
		Release|Any CPU = Release|Any CPU
	EndGlobalSection
	GlobalSection(ProjectConfigurationPlatforms) = postSolution
		{83C3EB1C-9E3A-4A6F-B038-9DFE3648812D}.Debug|Any CPU.ActiveCfg = Debug|Any CPU
		{83C3EB1C-9E3A-4A6F-B038-9DFE3648812D}.Debug|Any CPU.Build.0 = Debug|Any CPU
		{83C3EB1C-9E3A-4A6F-B038-9DFE3648812D}.Release|Any CPU.ActiveCfg = Release|Any CPU
		{83C3EB1C-9E3A-4A6F-B038-9DFE3648812D}.Release|Any CPU.Build.0 = Release|Any CPU
		{FC96B0EB-E49C-41E7-92D3-5CD8E93C5BE0}.Debug|Any CPU.ActiveCfg = Debug|Any CPU
		{FC96B0EB-E49C-41E7-92D3-5CD8E93C5BE0}.Debug|Any CPU.Build.0 = Debug|Any CPU
		{FC96B0EB-E49C-41E7-92D3-5CD8E93C5BE0}.Release|Any CPU.ActiveCfg = Release|Any CPU
		{FC96B0EB-E49C-41E7-92D3-5CD8E93C5BE0}.Release|Any CPU.Build.0 = Release|Any CPU
	EndGlobalSection
	GlobalSection(SolutionProperties) = preSolution
		HideSolutionNode = FALSE
	EndGlobalSection
	GlobalSection(ExtensibilityGlobals) = postSolution
		SolutionGuid = {D20D67C9-B2E7-4A94-BABE-6EEC57D3706C}
	EndGlobalSection
EndGlobal
